÷þdöúd÷údÿød÷úd÷údÿþd÷úd÷údþþd÷úd÷údÿød÷údÿúd÷úd÷údÿþd÷údÿúdöúd÷úd÷úd÷úd÷údÿúd÷údÿúd÷úd÷zdÿúd÷úd÷úd÷údÿþd÷údÿúd÷þd÷úd÷údÿúd÷þd÷údÿúd÷úd÷údÿúd÷úd÷þdöúdÿúd÷úd÷údÿzd÷úd÷úd÷údÿúd÷údÿød÷þd÷údÿúd·úd÷úd÷údþúd÷úd·údÿþd÷úd÷úd÷úd÷údÿúd÷úd÷þdÿúd÷þdÿúd÷údÿúd÷úd÷úd÷þd÷údþúd÷úd÷údÿød÷úd÷úd÷úd÷údÿúd÷þd÷údÿúd÷údÿúd÷úd÷úd÷þd÷údþúd÷úd÷údÿúdöúdÿúd÷úd÷ød÷þd÷úd÷údÿúd÷údÿúd÷þd÷zd÷údÿúdöødÿúd÷þdÿúd÷úd÷úd÷þdöúd÷údÿød÷úd÷údÿþd÷úd÷údþþd÷úd÷údÿød÷údÿúd÷úd÷údÿþd÷údÿúdöúd÷úd÷úd÷úd÷údÿúd÷údÿúd÷úd÷zdÿúd÷úd÷úd÷údÿþd÷údÿúd÷þd÷úd÷údÿúd÷þd÷údÿúd÷úd÷údÿúd÷úd÷þdöúdÿúd÷úd÷údÿzd÷úd÷úd÷údÿúd÷údÿød÷þd÷údÿúd·úd÷úd÷údþúd÷úd·údÿþd÷úd÷úd÷úd÷údÿúd÷úd÷þdÿúd÷þdÿúd÷údÿúd÷úd÷úd÷þd÷údþúd÷úd÷údÿød÷úd÷úd÷úd÷údÿúd÷þd÷údÿúd÷údÿúd÷úd÷úd÷þd÷údþúd÷úd÷údÿúdöúdÿúd÷úd÷ød÷þd÷úd÷údÿúd÷údÿúd÷þd÷zd÷údÿúdöødÿúd÷þdÿúd÷úd÷úd÷þdöúd÷údÿød÷úd÷údÿþd÷úd÷