÷þd÷údÿød÷úd÷údÿúd÷úd÷þd÷údþþd÷úd÷údÿúd÷úd÷úd÷údÿúd÷úd÷údÿúd÷þdÿød÷úd÷úd÷úd÷údÿzd÷úd÷þdÿúd÷úd÷údþúd÷úd÷úd÷úd÷þdöúdÿúd÷údÿúd÷úd÷úd÷údÿþd÷úd÷údÿúd÷úd÷úd÷úd÷údÿúd÷þd÷údÿúd÷úd÷ødÿúd÷úd÷údÿþd÷údÿúd÷údöúdÿúd÷úd÷úd÷þdÿúd÷údÿúd÷þd÷úd÷úd÷údÿúd÷údÿød÷þdÿúd÷úd÷údÿúd÷úd÷údÿúd÷úd÷úd÷údÿúd÷údÿúd÷þd÷údöúdÿúd÷úd¿úd÷þdÿúd÷úd÷údÿúd÷ød÷úd÷úd÷úd÷þdÿúd÷zd÷þdÿúd÷úd÷úd÷úd÷údÿúd÷úd÷þdÿúd÷úd÷úd÷údÿúd÷údÿúd÷þd÷údÿød÷úd÷údÿúd÷úd÷þd÷údþþd÷úd÷údÿúd÷úd÷úd÷údÿúd÷úd÷údÿúd÷þdÿød÷úd÷úd÷úd÷údÿzd÷úd÷þdÿúd÷úd÷údþúd÷úd÷úd÷úd÷þdöúdÿúd÷údÿúd÷úd÷úd÷údÿþd÷úd÷údÿúd÷úd÷úd÷úd÷údÿúd÷þd÷údÿúd÷úd÷ødÿúd÷úd÷údÿþd÷údÿúd÷údöúdÿúd÷úd÷úd÷þdÿúd÷údÿúd÷þd÷úd÷úd÷údÿúd÷údÿød÷þdÿúd÷úd÷údÿúd÷úd÷údÿúd÷úd÷úd÷údÿúd÷údÿúd÷þd÷údöúdÿúd÷úd¿úd÷þdÿúd÷úd÷údÿúd÷ød÷úd÷úd÷úd÷þdÿúd÷zd÷þdÿúd÷úd÷úd÷úd÷údÿúd÷úd÷þdÿúd÷úd÷úd÷údÿúd÷údÿúd÷þd÷údÿød÷úd÷údÿúd÷úd÷þd÷údþþd÷úd÷údÿúd÷úd÷úd÷údÿúd