¶úd÷údÿúd÷úd÷údÿþd÷úd÷ød÷údÿþd÷úd÷údÿúd÷údöúdÿúd÷údÿúd÷údÿþd÷úd÷údÿúd÷úd÷údÿød÷údÿúd÷úd÷úd÷údÿþd÷úd÷údÿþd÷údÿúd÷úd÷úd÷zdÿúd÷þd÷úd÷úd÷úd÷údÿúd÷úd÷þdöúdÿúd÷úd÷údÿúd÷úd÷úd¿úd÷úd÷úd÷þdÿød÷údÿúd÷úd÷údÿúd÷úd÷ødÿúd÷úd÷úd÷údÿúd÷úd÷údÿúd÷úd·údÿþd÷údÿød÷úd÷údþúd÷úd÷þd÷údÿúd÷údÿüdöúd÷údÿúd÷údÿþd÷úd÷údÿúd÷úd÷úd÷zd÷údÿúd÷þd÷úd÷údÿúd·údÿúd÷úd÷úd÷ød÷údÿúd÷úd÷þd÷údÿúd÷úd÷úd÷úd÷údÿúd÷úd÷úd÷údÿþd÷úd¶úd÷údÿúd÷úd÷údÿþd÷úd÷ød÷údÿþd÷úd÷údÿúd÷údöúdÿúd÷údÿúd÷údÿþd÷úd÷údÿúd÷úd÷údÿød÷údÿúd÷úd÷úd÷údÿþd÷úd÷údÿþd÷údÿúd÷úd÷úd÷zdÿúd÷þd÷úd÷úd÷úd÷údÿúd÷úd÷þdöúdÿúd÷úd÷údÿúd÷úd÷úd¿úd÷úd÷úd÷þdÿød÷údÿúd÷úd÷údÿúd÷úd÷ødÿúd÷úd÷úd÷údÿúd÷úd÷údÿúd÷úd·údÿþd÷údÿød÷úd÷údþúd÷úd÷þd÷údÿúd÷údÿüdöúd÷údÿúd÷údÿþd÷úd÷údÿúd÷úd÷úd÷zd÷údÿúd÷þd÷úd÷údÿúd·údÿúd÷úd÷úd÷ød÷údÿúd÷úd÷þd÷údÿúd÷úd÷úd÷úd÷údÿúd÷úd÷úd÷údÿþd÷úd¶úd÷údÿúd÷úd÷údÿþd÷úd÷ød÷údÿþd÷úd÷údÿúd÷údöúdÿúd÷údÿúd÷údÿþd