ÿúd÷údÿúd÷úd÷údþúd÷ød÷þd÷údþþd÷úd÷ød÷údÿúd÷úd÷údÿzd÷úd÷ød÷þd÷údÿúd÷údÿúd÷údÿúd÷þdÿúd÷údÿúd·údÿúd÷úd÷úd÷üdÿúd÷údÿúd÷úd÷údÿúd÷þd÷úd÷údÿúd÷úd÷ød÷údÿþd÷úd÷úd÷údÿþdöúdÿúd÷údÿúd÷údÿúd÷úd÷úd÷údÿúd÷þd÷údÿúd÷úd÷úd÷údÿúd÷úd÷þdözdÿúd÷úd÷údÿúd÷þd÷úd÷údÿúd÷þd÷ødÿúd÷úd÷údþþd÷úd÷úd÷ød÷úd÷údÿúd÷údÿúd÷údÿúd÷þdÿúd÷údöúd÷þd÷úd÷údþúd÷úd÷ødÿúd÷úd÷údÿþd÷ûdÿúd÷úd¿úd÷úd÷úd÷údÿúdöúd÷úd÷þdÿzd÷úd÷údÿúd÷þd÷údÿúd÷údÿúd÷úd÷údþúd÷ød÷þd÷údþþd÷úd÷ød÷údÿúd÷úd÷údÿzd÷úd÷ød÷þd÷údÿúd÷údÿúd÷údÿúd÷þdÿúd÷údÿúd·údÿúd÷úd÷úd÷üdÿúd÷údÿúd÷úd÷údÿúd÷þd÷úd÷údÿúd÷úd÷ød÷údÿþd÷úd÷úd÷údÿþdöúdÿúd÷údÿúd÷údÿúd÷úd÷úd÷údÿúd÷þd÷údÿúd÷úd÷úd÷údÿúd÷úd÷þdözdÿúd÷úd÷údÿúd÷þd÷úd÷údÿúd÷þd÷ødÿúd÷úd÷údþþd÷úd÷úd÷ød÷úd÷údÿúd÷údÿúd÷údÿúd÷þdÿúd÷údöúd÷þd÷úd÷údþúd÷úd÷ødÿúd÷úd÷údÿþd÷ûdÿúd÷úd¿úd÷úd÷úd÷údÿúdöúd÷úd÷þdÿzd÷úd÷údÿúd÷þd÷údÿúd÷údÿúd÷úd÷údþúd÷ød÷þd÷údþþd÷úd÷ød÷údÿúd÷úd÷údÿzd÷úd÷ød÷þd÷údÿú