÷údÿúd÷úd÷údÿúd÷údÿúd÷úd÷údÿþdöúd÷úd÷úd÷údþúd÷ød÷úd÷údÿþd÷úd÷úd÷údÿúd÷úd÷þd÷údÿúd÷údÿød÷údÿúd÷údþúd÷údÿþd÷úd÷údÿúd÷údÿúdöþd÷údÿúd÷údÿød÷údÿúd÷zdÿþd÷úd÷údÿúd÷údÿþd÷údÿød÷údÿúd·úd÷úd÷úd÷þdÿúd÷úd÷údÿúd÷úd÷úd÷úd÷þdÿúd÷ødþúd÷úd÷úd÷úd÷þdÿúd÷úd÷úd÷úd÷údÿ|d÷úd÷úd÷úd÷þdÿúd÷úd÷úd÷úd÷úd÷úd÷údöþd÷údÿúd÷údÿúd÷údÿúd÷þd÷úd÷údÿød÷úd÷úd÷údÿúd÷þdÿzd÷údÿúd÷úd÷údÿþd÷úd÷údÿþd÷údÿúd÷údÿúd÷údþúd÷úd÷þd÷úd÷údÿúd÷úd÷údÿúd÷údÿúd÷úd÷údÿþdöúd÷úd÷úd÷údþúd÷ød÷úd÷údÿþd÷úd÷úd÷údÿúd÷úd÷þd÷údÿúd÷údÿød÷údÿúd÷údþúd÷údÿþd÷úd÷údÿúd÷údÿúdöþd÷údÿúd÷údÿød÷údÿúd÷zdÿþd÷úd÷údÿúd÷údÿþd÷údÿød÷údÿúd·úd÷úd÷úd÷þdÿúd÷úd÷údÿúd÷úd÷úd÷úd÷þdÿúd÷ødþúd÷úd÷úd÷úd÷þdÿúd÷úd÷úd÷úd÷údÿ|d÷úd÷úd÷úd÷þdÿúd÷úd÷úd÷úd÷úd÷úd÷údöþd÷údÿúd÷údÿúd÷údÿúd÷þd÷úd÷údÿød÷úd÷úd÷údÿúd÷þdÿzd÷údÿúd÷úd÷údÿþd÷úd÷údÿþd÷údÿúd÷údÿúd÷údþúd÷úd÷þd÷úd÷údÿúd÷úd÷údÿúd÷údÿúd÷úd÷údÿþdöúd÷úd÷úd÷údþúd÷ød÷ú