÷údÿúd÷úd÷úd÷údÿúdÿþdöúd÷údÿþdöúd÷ød÷údÿúd÷zd÷úd·ødÿúd÷údÿþd÷údÿúd÷zd÷úd÷údÿþd÷úd÷údÿúd÷údÿúd·údÿúd÷úd÷þd÷ød÷údÿúd÷úd÷þdÿúd÷údÿúd÷údÿúd÷údöødÿúd÷úd÷údÿúd÷úd÷údÿúd÷úd÷úd÷ødÿúd÷údÿþd÷údÿúd÷úd÷úd÷þdÿúd÷úd÷úd÷úd÷údÿød÷þd÷údÿúd÷údöúd÷úd÷údÿúd÷úd÷þd÷úd·þd÷údÿød÷údÿzd÷úd÷údÿúd÷úd÷úd÷úd÷údÿúd÷úd÷ød÷úd÷údÿúd÷údÿúd÷þdöúd÷úd÷údÿúd÷údÿúd÷údÿúd÷údÿúd÷þdÿød÷úd÷údÿúd÷þd÷údÿúd÷údÿúd÷úd÷údÿþd÷úd÷úd÷údÿúd÷úd÷úd÷údÿúdÿþdöúd÷údÿþdöúd÷ød÷údÿúd÷zd÷úd·ødÿúd÷údÿþd÷údÿúd÷zd÷úd÷údÿþd÷úd÷údÿúd÷údÿúd·údÿúd÷úd÷þd÷ød÷údÿúd÷úd÷þdÿúd÷údÿúd÷údÿúd÷údöødÿúd÷úd÷údÿúd÷úd÷údÿúd÷úd÷úd÷ødÿúd÷údÿþd÷údÿúd÷úd÷úd÷þdÿúd÷úd÷úd÷úd÷údÿød÷þd÷údÿúd÷údöúd÷úd÷údÿúd÷úd÷þd÷úd·þd÷údÿød÷údÿzd÷úd÷údÿúd÷úd÷úd÷úd÷údÿúd÷úd÷ød÷úd÷údÿúd÷údÿúd÷þdöúd÷úd÷údÿúd÷údÿúd÷údÿúd÷údÿúd÷þdÿød÷úd÷údÿúd÷þd÷údÿúd÷údÿúd÷úd÷údÿþd÷úd÷úd÷údÿúd÷úd÷úd÷údÿúdÿþdöúd÷