÷údÿúd÷zdöødÿúd÷þd÷úd÷ød÷údþzdöþdÿúd÷úd÷ød÷údÿþd÷údÿúd÷údÿúd÷údÿúd÷úd·údÿþd÷úd÷údÿúd÷údÿúd÷úd÷údÿþd÷údÿúd÷úd÷úd÷úd÷úd÷údÿúdöúd÷ød÷úd÷úd÷úd÷údÿúd÷údöúdÿþd÷údÿúd÷údÿúd÷úd÷údÿúd÷údÿüd÷úd÷úd¿úd÷úd÷úd÷þdÿúd÷úd÷údÿúd÷údÿúd÷údÿúd÷úd÷úd÷þdÿúd÷úd÷úd÷údÿúd÷údÿúd÷úd÷údÿûd÷údÿúdöúd÷úd÷údÿúd÷úd÷údÿúd÷ød÷þd÷údÿúd÷úd÷údÿúd·úd÷þdÿúd÷úd÷úd÷údÿúd÷úd÷údÿþd÷úd÷úd÷údÿúdöúdÿúd÷úd÷údÿþd÷údÿúd÷úd÷úd÷þdÿúd÷údÿúd÷zdöødÿúd÷þd÷úd÷ød÷údþzdöþdÿúd÷úd÷ød÷údÿþd÷údÿúd÷údÿúd÷údÿúd÷úd·údÿþd÷úd÷údÿúd÷údÿúd÷úd÷údÿþd÷údÿúd÷úd÷úd÷úd÷úd÷údÿúdöúd÷ød÷úd÷úd÷úd÷údÿúd÷údöúdÿþd÷údÿúd÷údÿúd÷úd÷údÿúd÷údÿüd÷úd÷úd¿úd÷úd÷úd÷þdÿúd÷úd÷údÿúd÷údÿúd÷údÿúd÷úd÷úd÷þdÿúd÷úd÷úd÷údÿúd÷údÿúd÷úd÷údÿûd÷údÿúdöúd÷úd÷údÿúd÷úd÷údÿúd÷ød÷þd÷údÿúd÷úd÷údÿúd·úd÷þdÿúd÷úd÷úd÷údÿúd÷úd÷údÿþd÷úd÷úd÷údÿúdöúdÿúd÷úd÷údÿþd÷údÿúd÷úd÷úd÷þdÿúd÷údÿúd÷zdöødÿúd÷þd÷úd÷ød÷údþzdöþdÿúd÷úd÷ød÷údÿþ