÷zd÷þdþúd÷úd÷údÿúd÷úd÷úd÷údÿúdöþd÷údÿúd÷údÿzd÷ødÿúd÷þd÷údÿúd÷ød÷údöúd÷úd÷úd÷údÿúd÷úd÷úd÷þd÷úd÷údÿúd÷údÿúd÷úd÷úd÷úd÷údÿþd÷údÿúd÷úd÷údÿúd÷údÿúd÷þd÷úd÷úd÷údÿúdöødÿúd÷úd÷úd÷údÿúd÷úd÷údÿúdöúd÷úd÷údÿþd÷úd÷úd÷údÿúdöþdÿúd÷úd÷úd÷údÿúd÷þd÷úd÷ød¿úd÷úd÷údÿúd÷úd÷údÿúd÷þd÷údÿúd÷úd÷úd÷zdÿúd÷ød÷úd÷údÿþd÷úd÷údÿþd÷údþúd÷úd÷þdÿúd÷úd÷zdÿúd÷úd÷údÿþd÷údÿúd÷þd÷údÿúd÷údÿúd÷úd÷údÿúd÷úd÷úd÷þd÷údÿúd÷úd÷úd÷úd÷zd÷þdþúd÷úd÷údÿúd÷úd÷úd÷údÿúdöþd÷údÿúd÷údÿzd÷ødÿúd÷þd÷údÿúd÷ød÷údöúd÷úd÷úd÷údÿúd÷úd÷úd÷þd÷úd÷údÿúd÷údÿúd÷úd÷úd÷úd÷údÿþd÷údÿúd÷úd÷údÿúd÷údÿúd÷þd÷úd÷úd÷údÿúdöødÿúd÷úd÷úd÷údÿúd÷úd÷údÿúdöúd÷úd÷údÿþd÷úd÷úd÷údÿúdöþdÿúd÷úd÷úd÷údÿúd÷þd÷úd÷ød¿úd÷úd÷údÿúd÷úd÷údÿúd÷þd÷údÿúd÷úd÷úd÷zdÿúd÷ød÷úd÷údÿþd÷úd÷údÿþd÷údþúd÷úd÷þdÿúd÷úd÷zdÿúd÷úd÷údÿþd÷údÿúd÷þd÷údÿúd÷údÿúd÷úd÷údÿúd÷úd÷úd÷þd÷údÿúd÷úd÷úd÷úd÷zd÷þdþúd÷úd÷údÿúd÷úd÷úd÷údÿúdöþd÷údÿúd÷údÿzd÷ødÿúd÷þd÷údÿúd÷ød÷údö