KÃ¤ä?»OChò‹Z¶º£!6.³ßkyvÒPÀF„Eõ»ü8'9fö‰åxóóˆê9ŠÖ%ûNÃ<×òèâ/"ZE†\šs.ÖÈNi"-Æ€°€2Áä;àMø/LC´a—j°kw)æ…´ÓÔuYhíÉ þñ“	–~{Á4f|˜?‰¦™Œ7de÷÷8H²îë¡\ „¬æë	'oOð®3I£vw‹WúUTð…Ù~ôVRŠžMÞ-qúQ×gr~ýU$Ì€:)rï±ú¯©Îva–s(òIŒ0‹ÓžÈ°Çà2í~ƒ±<$§-f6p}PØ½§v)ýŸ/úçâS+³Þ©ù2±‡½‰/—)öðí$Væ©…@ß˜¥©g¯þJd¸jPÞ>çƒÄB¹Ã×¨¹hGÐÇ[È[iÙ|>£?®$!6†>·†\¡¢?tÕA ,ÀÏû# ƒ’ïÃë¥ãVÙFºN•ž8‰k¨TÞêç/K÷Öýù&gb…Ý·ýÜÈœ¬ó?³õŽô7Õu@nWF ð»¤‘4”fk£ØÙÛ'N;Ìö*¿4©¥NãqQ06â«:a–³cQ%“˜+?§äR˜7¨Q÷É¿¼aN¿ÔÍ‰`$¯Ê)*‡íÝnÿ×9)žÕ<Ã¿nQFÙ‹g+ëqKÃ¤ä?»OChò‹Z¶º£!6.³ßkyvÒPÀF„Eõ»ü8'9fö‰åxóóˆê9ŠÖ%ûNÃ<×òèâ/"ZE†\šs.ÖÈNi"-Æ€°€2Áä;àMø/LC´a—j°kw)æ…´ÓÔuYhíÉ þñ“	–~{Á4f|˜?‰¦™Œ7de÷÷8H²îë¡\ „¬æë	'oOð®3I£vw‹WúUTð…Ù~ôVRŠžMÞ-qúQ×gr~ýU$Ì€:)rï±ú¯©Îva–s(òIŒ0‹ÓžÈ°Çà2í~ƒ±<$§-f6p}PØ½§v)ýŸ/úçâS+³Þ©ù2±‡½‰/—)öðí$Væ©…@ß˜¥©g¯þJd¸jPÞ>çƒÄB¹Ã×¨¹hGÐÇ[È[iÙ|>£?®$!6†>·†\¡¢?tÕA ,ÀÏû# ƒ’ïÃë¥ãVÙFºN•ž8‰k¨TÞêç/K÷Öýù&gb…Ý·ýÜÈœ¬ó?³õŽô7Õu@nWF ð»¤‘4”fk£ØÙÛ'N;Ìö*¿4©¥NãqQ06â«:a–³cQ%“˜+?§äR˜7¨Q÷É¿¼aN¿ÔÍ‰`$¯Ê)*‡íÝnÿ×9)žÕ<Ã¿nQFÙ‹g+ëqKÃ¤ä?»OChò‹Z¶º£!6.³ßkyvÒPÀF„Eõ»ü8'9fö‰åxóóˆê9ŠÖ%ûNÃ<×òèâ/"ZE†\šs.ÖÈNi"-