÷þd÷údÿúd÷úd÷úd·údÿúd÷úd÷údþúd÷þdÿød÷úd÷úd÷údÿúd÷úd÷úd·údÿúd÷úd÷údÿúd÷þdÿúd÷úd÷úd÷úd÷úd÷úd÷zdÿúd÷þd÷úd÷údÿzd÷úd÷údöúdÿúd÷údÿúd÷úd÷údÿþd÷úd÷údþúd÷úd÷þdÿúd÷úd÷þdÿúd÷úd÷úd÷úd÷úd÷údÿúd÷þd÷údÿød÷úd÷údÿúd÷úd÷údÿúd÷úd÷zdÿúd÷þdÿúd÷úd÷úd÷úd÷ød¿þd÷údÿúd÷údöúd÷úd÷úd÷úd÷þd÷údÿúd÷úd÷údÿþd÷ød÷úd÷údÿúd÷údÿúd÷úd÷úd÷údÿúd÷úd÷údÿúd÷úd÷údÿúd÷þdÿúdöúd÷údÿúd÷úd÷úd÷údÿúd÷úd÷ød÷údÿúd÷úd÷úd÷údöúdÿúd÷úd÷úd÷þd÷údÿúd÷úd÷úd·údÿúd÷úd÷údþúd÷þdÿød÷úd÷úd÷údÿúd÷úd÷úd·údÿúd÷úd÷údÿúd÷þdÿúd÷úd÷úd÷úd÷úd÷úd÷zdÿúd÷þd÷úd÷údÿzd÷úd÷údöúdÿúd÷údÿúd÷úd÷údÿþd÷úd÷údþúd÷úd÷þdÿúd÷úd÷þdÿúd÷úd÷úd÷úd÷úd÷údÿúd÷þd÷údÿød÷úd÷údÿúd÷úd÷údÿúd÷úd÷zdÿúd÷þdÿúd÷úd÷úd÷úd÷ød¿þd÷údÿúd÷údöúd÷úd÷úd÷úd÷þd÷údÿúd÷úd÷údÿþd÷ød÷úd÷údÿúd÷údÿúd÷úd÷úd÷údÿúd÷úd÷údÿúd÷úd÷údÿúd÷þdÿúdöúd÷údÿúd÷úd÷úd÷údÿúd÷úd÷ød÷údÿúd÷úd÷úd÷údöúdÿúd÷úd÷úd÷þd÷údÿúd÷úd÷úd·údÿúd÷úd÷údþúd÷þdÿød÷úd÷úd÷údÿúd÷úd