ÿød·úd÷þd÷údÿúd÷údÿúd÷úd÷údÿúd÷údþþd÷zdÿúd÷ødÿúd÷úd÷úd÷þd·úd÷údÿúd÷úd÷ød÷údÿúd÷þd÷úd÷úd÷ød÷údÿúd÷úd÷údÿúd÷þdÿúd÷úd÷úd÷úd÷údÿúd÷úd÷údÿúd÷þd÷úd÷úd÷úd÷zdÿþd÷úd÷þd÷údÿúd÷údÿúd÷úd÷údöúd÷þdÿúd÷úd÷údÿúd÷úd÷þd÷údÿúd÷údþúd÷úd÷þd÷úd÷úd÷údÿúd÷úd÷úd÷údÿúd÷ød÷údÿþd÷údþúd÷úd÷údÿúd÷þdÿúd·úd÷zdÿúd÷þdÿúd÷údÿúd÷úd÷úd÷úd÷þd÷údÿúd÷úd÷úd÷úd÷údÿød÷úd÷úd÷údþþd÷úd÷údÿúd÷úd÷údÿúd÷úd÷zd÷þd¿úd÷úd÷úd÷údÿþd÷údÿød·úd÷þd÷údÿúd÷údÿúd÷úd÷údÿúd÷údþþd÷zdÿúd÷ødÿúd÷úd÷úd÷þd·úd÷údÿúd÷úd÷ød÷údÿúd÷þd÷úd÷úd÷ød÷údÿúd÷úd÷údÿúd÷þdÿúd÷úd÷úd÷úd÷údÿúd÷úd÷údÿúd÷þd÷úd÷úd÷úd÷zdÿþd÷úd÷þd÷údÿúd÷údÿúd÷úd÷údöúd÷þdÿúd÷úd÷údÿúd÷úd÷þd÷údÿúd÷údþúd÷úd÷þd÷úd÷úd÷údÿúd÷úd÷úd÷údÿúd÷ød÷údÿþd÷údþúd÷úd÷údÿúd÷þdÿúd·úd÷zdÿúd÷þdÿúd÷údÿúd÷úd÷úd÷úd÷þd÷údÿúd÷úd÷úd÷úd÷údÿød÷úd÷úd÷údþþd÷úd÷údÿúd÷úd÷údÿúd÷úd÷zd÷þd¿úd÷úd÷úd÷údÿþd÷údÿød·úd÷þd÷údÿúd÷údÿúd÷úd÷údÿúd÷ú