÷úd÷údÿúd÷úd·þd÷úd÷þdÿúd÷údÿþdöúd÷xd÷údÿúd÷údÿúd÷þd÷údÿúd÷úd¿úd÷úd÷údÿúd÷zd÷úd÷údÿúd÷úd÷údÿúd÷údÿúd÷údþúd÷úd÷údÿúd÷úd÷úd÷údþúd÷údÿúd÷údÿúd÷úd÷úd÷údÿúd÷úd÷úd÷údÿüd÷úd÷údÿúd÷úd÷úd÷údÿúd÷úd÷þdÿúd÷úd÷úd÷úd÷údÿúdöúdÿþd÷úd÷údÿþd÷ød÷úd¿úd÷údþþd÷úd÷údþúd÷údÿzd÷úd÷údÿúd÷ødÿúd÷údÿúd÷þd÷úd÷úd÷úd÷úd÷údÿþd÷údÿúd÷údÿúd÷úd÷úd÷þdÿúd÷údÿød÷úd÷údÿúd÷þdÿúdöúdÿúd÷zd÷úd÷údÿxd÷údÿúd÷úd÷þdÿúd÷úd÷údÿúd÷úd÷úd÷údÿúd÷úd·þd÷úd÷þdÿúd÷údÿþdöúd÷xd÷údÿúd÷údÿúd÷þd÷údÿúd÷úd¿úd÷úd÷údÿúd÷zd÷úd÷údÿúd÷úd÷údÿúd÷údÿúd÷údþúd÷úd÷údÿúd÷úd÷úd÷údþúd÷údÿúd÷údÿúd÷úd÷úd÷údÿúd÷úd÷úd÷údÿüd÷úd÷údÿúd÷úd÷úd÷údÿúd÷úd÷þdÿúd÷úd÷úd÷úd÷údÿúdöúdÿþd÷úd÷údÿþd÷ød÷úd¿úd÷údþþd÷úd÷údþúd÷údÿzd÷úd÷údÿúd÷ødÿúd÷údÿúd÷þd÷úd÷úd÷úd÷úd÷údÿþd÷údÿúd÷údÿúd÷úd÷úd÷þdÿúd÷údÿød÷úd÷údÿúd÷þdÿúdöúdÿúd÷zd÷úd÷údÿxd÷údÿúd÷úd÷þdÿúd÷úd÷údÿúd÷úd÷úd÷údÿúd÷úd·þd÷úd÷þdÿúd÷údÿþdöúd÷xd÷údÿúd÷údÿúd÷þd÷údÿúd÷úd¿ú