÷úd÷úd÷údÿúd÷úd÷úd÷údÿúd÷údÿüdöúd÷úd÷úd÷údÿúd÷údÿúd÷údþúd÷úd÷ød¿úd÷þd÷údÿúd÷údöúdÿxd÷úd÷úd÷údÿúd÷þdÿúd÷údÿúd÷úd÷údÿúd÷údÿúd÷úd÷úd÷údÿúd÷úd÷údÿúd÷þd÷údÿúd÷úd÷þdÿød÷údÿúd÷úd÷úd÷úd÷þdÿúd÷údöúdÿúd÷þdÿúd÷úd÷úd÷úd÷údþúd÷údÿúd÷þd÷údÿúd÷úd÷údÿ~d÷ød÷úd÷údÿúd÷údöþdÿúd÷úd÷ødÿúd÷úd÷údÿþd÷údþúd÷þd÷úd÷údöúdÿúd÷údÿúd÷þdÿúdöúd÷údÿþd·úd÷úd÷þdÿúd÷ødÿúd÷úd÷údÿúd÷údÿúd÷þdÿúd÷údÿúd÷þd÷údÿúd÷zdÿúd÷údÿþd÷úd÷úd÷údÿúd÷úd÷úd÷údÿúd÷údÿüdöúd÷úd÷úd÷údÿúd÷údÿúd÷údþúd÷úd÷ød¿úd÷þd÷údÿúd÷údöúdÿxd÷úd÷úd÷údÿúd÷þdÿúd÷údÿúd÷úd÷údÿúd÷údÿúd÷úd÷úd÷údÿúd÷úd÷údÿúd÷þd÷údÿúd÷úd÷þdÿød÷údÿúd÷úd÷úd÷úd÷þdÿúd÷údöúdÿúd÷þdÿúd÷úd÷úd÷úd÷údþúd÷údÿúd÷þd÷údÿúd÷úd÷údÿ~d÷ød÷úd÷údÿúd÷údöþdÿúd÷úd÷ødÿúd÷úd÷údÿþd÷údþúd÷þd÷úd÷údöúdÿúd÷údÿúd÷þdÿúdöúd÷údÿþd·úd÷úd÷þdÿúd÷ødÿúd÷úd÷údÿúd÷údÿúd÷þdÿúd÷údÿúd÷þd÷údÿúd÷zdÿúd÷údÿþd÷úd÷úd÷údÿúd÷úd÷úd÷údÿúd÷údÿüdöúd÷úd÷úd÷údÿúd÷údÿúd÷údþúd÷úd÷ø