ÿúd÷úd÷úd÷údÿþd÷údþúdÿød÷údÿ~d÷úd÷úd÷ødþúd÷úd÷úd÷údÿúd÷údÿúd÷údÿþd÷úd÷údÿþd÷údÿúdöúd÷úd÷úd÷údÿúd÷þdÿúd÷údÿúdöúdÿúd÷ødÿúd÷údÿþd÷údöúd÷úd÷úd÷údÿþd÷údÿúd÷úd÷údÿúd÷úd÷údÿþd÷úd÷úd÷úd÷údÿúd÷þd÷úd÷zdÿúd÷ød÷údþúd÷þdöúdÿúd÷údÿþd÷údÿúd÷úd÷úd÷þd÷údÿúd÷ød÷úd÷úd÷údÿþd÷údÿúd÷úd÷úd÷úd÷údÿúd÷úd÷údöüdÿúd÷úd÷úd÷úd÷údÿúd÷úd÷þd÷údÿúd÷údÿúd÷úd¿úd÷úd÷údÿúd÷úd÷úd÷þd÷údÿúd÷~döúdÿúd÷údÿød÷údÿúd÷þd÷údÿúd÷údÿúd÷úd÷úd÷údÿþd÷údþúdÿød÷údÿ~d÷úd÷úd÷ødþúd÷úd÷úd÷údÿúd÷údÿúd÷údÿþd÷úd÷údÿþd÷údÿúdöúd÷úd÷úd÷údÿúd÷þdÿúd÷údÿúdöúdÿúd÷ødÿúd÷údÿþd÷údöúd÷úd÷úd÷údÿþd÷údÿúd÷úd÷údÿúd÷úd÷údÿþd÷úd÷úd÷úd÷údÿúd÷þd÷úd÷zdÿúd÷ød÷údþúd÷þdöúdÿúd÷údÿþd÷údÿúd÷úd÷úd÷þd÷údÿúd÷ød÷úd÷úd÷údÿþd÷údÿúd÷úd÷úd÷úd÷údÿúd÷úd÷údöüdÿúd÷úd÷úd÷úd÷údÿúd÷úd÷þd÷údÿúd÷údÿúd÷úd¿úd÷úd÷údÿúd÷úd÷úd÷þd÷údÿúd÷~döúdÿúd÷údÿød÷údÿúd÷þd÷údÿúd÷údÿúd÷úd÷úd÷údÿþd÷údþúdÿød÷úd